
Microsoft Visual Studio Solution File, Format Version 12.00
# Visual Studio Version 16
VisualStudioVersion = 16.0.31702.278
MinimumVisualStudioVersion = 10.0.40219.1
Project("{9A19103F-16F7-4668-BE54-9A1E7A4F7556}") = "Appointment_System", "Appointment_System\Appointment_System.csproj", "{4CAB480A-AC6E-4DFE-B436-A9976FA7F9C6}"
EndProject
Project("{FAE04EC0-301F-11D3-BF4B-00C04F79EFBC}") = "Appointment_System_Tests", "Appointment_System_Tests\Appointment_System_Tests.csproj", "{A080CC28-C0C2-4FA6-844F-F6693B1171FE}"
EndProject
Global
	GlobalSection(SolutionConfigurationPlatforms) = preSolution
		Debug|Any CPU = Debug|Any CPU
		Release|Any CPU = Release|Any CPU
	EndGlobalSection
	GlobalSection(ProjectConfigurationPlatforms) = postSolution
		{4CAB480A-AC6E-4DFE-B436-A9976FA7F9C6}.Debug|Any CPU.ActiveCfg = Debug|Any CPU
		{4CAB480A-AC6E-4DFE-B436-A9976FA7F9C6}.Debug|Any CPU.Build.0 = Debug|Any CPU
		{4CAB480A-AC6E-4DFE-B436-A9976FA7F9C6}.Release|Any CPU.ActiveCfg = Release|Any CPU
		{4CAB480A-AC6E-4DFE-B436-A9976FA7F9C6}.Release|Any CPU.Build.0 = Release|Any CPU
		{A080CC28-C0C2-4FA6-844F-F6693B1171FE}.Debug|Any CPU.ActiveCfg = Debug|Any CPU
		{A080CC28-C0C2-4FA6-844F-F6693B1171FE}.Debug|Any CPU.Build.0 = Debug|Any CPU
		{A080CC28-C0C2-4FA6-844F-F6693B1171FE}.Release|Any CPU.ActiveCfg = Release|Any CPU
		{A080CC28-C0C2-4FA6-844F-F6693B1171FE}.Release|Any CPU.Build.0 = Release|Any CPU
	EndGlobalSection
	GlobalSection(SolutionProperties) = preSolution
		HideSolutionNode = FALSE
	EndGlobalSection
	GlobalSection(ExtensibilityGlobals) = postSolution
		SolutionGuid = {E30B4EE6-E037-45E8-B957-71CA94F604CC}
	EndGlobalSection
EndGlobal
